
Microsoft Visual Studio Solution File, Format Version 12.00
# Visual Studio 15
VisualStudioVersion = 15.0.28307.168
MinimumVisualStudioVersion = 10.0.40219.1
Project("{9A19103F-16F7-4668-BE54-9A1E7A4F7556}") = "Vcr.Test", "test\Vcr.Test\Vcr.Test.csproj", "{64AD814E-8F3B-4032-992A-A915E0F84E6B}"
EndProject
Project("{2150E333-8FDC-42A3-9474-1A3956D46DE8}") = "Solution Items", "Solution Items", "{DFC403F8-5DFA-456D-BAF3-420D5390DF1A}"
	ProjectSection(SolutionItems) = preProject
		.editorconfig = .editorconfig
		azure-pipelines.yml = azure-pipelines.yml
		README.md = README.md
	EndProjectSection
EndProject
Project("{9A19103F-16F7-4668-BE54-9A1E7A4F7556}") = "Vcr", "src\Vcr\Vcr.csproj", "{D6158152-1078-456D-B4B9-BA2BFA1FB988}"
EndProject
Project("{9A19103F-16F7-4668-BE54-9A1E7A4F7556}") = "SampleWebApp.IntegrationTest", "sample\SampleWebApp.IntegrationTest\SampleWebApp.IntegrationTest.csproj", "{751430B4-B3C5-4151-B7EF-657D005447EC}"
EndProject
Project("{9A19103F-16F7-4668-BE54-9A1E7A4F7556}") = "SampleWebApp", "sample\SampleWebApp\SampleWebApp.csproj", "{60D47888-2805-4B2C-85A8-06E3D0CAA3B5}"
EndProject
Project("{9A19103F-16F7-4668-BE54-9A1E7A4F7556}") = "Vcr.AspNetCore", "src\Vcr.AspNetCore\Vcr.AspNetCore.csproj", "{8CBBAB8D-EC51-4F71-9608-37B4F39CCA41}"
EndProject
Project("{FAE04EC0-301F-11D3-BF4B-00C04F79EFBC}") = "SampleWebAppUsingVcr", "sample\SampleWebAppUsingVcr\SampleWebAppUsingVcr.csproj", "{260045C1-31D9-4E08-A7A7-577CF829CAAE}"
EndProject
Global
	GlobalSection(SolutionConfigurationPlatforms) = preSolution
		Debug|Any CPU = Debug|Any CPU
		Release|Any CPU = Release|Any CPU
	EndGlobalSection
	GlobalSection(ProjectConfigurationPlatforms) = postSolution
		{64AD814E-8F3B-4032-992A-A915E0F84E6B}.Debug|Any CPU.ActiveCfg = Debug|Any CPU
		{64AD814E-8F3B-4032-992A-A915E0F84E6B}.Debug|Any CPU.Build.0 = Debug|Any CPU
		{64AD814E-8F3B-4032-992A-A915E0F84E6B}.Release|Any CPU.ActiveCfg = Release|Any CPU
		{64AD814E-8F3B-4032-992A-A915E0F84E6B}.Release|Any CPU.Build.0 = Release|Any CPU
		{D6158152-1078-456D-B4B9-BA2BFA1FB988}.Debug|Any CPU.ActiveCfg = Debug|Any CPU
		{D6158152-1078-456D-B4B9-BA2BFA1FB988}.Debug|Any CPU.Build.0 = Debug|Any CPU
		{D6158152-1078-456D-B4B9-BA2BFA1FB988}.Release|Any CPU.ActiveCfg = Release|Any CPU
		{D6158152-1078-456D-B4B9-BA2BFA1FB988}.Release|Any CPU.Build.0 = Release|Any CPU
		{751430B4-B3C5-4151-B7EF-657D005447EC}.Debug|Any CPU.ActiveCfg = Debug|Any CPU
		{751430B4-B3C5-4151-B7EF-657D005447EC}.Debug|Any CPU.Build.0 = Debug|Any CPU
		{751430B4-B3C5-4151-B7EF-657D005447EC}.Release|Any CPU.ActiveCfg = Release|Any CPU
		{751430B4-B3C5-4151-B7EF-657D005447EC}.Release|Any CPU.Build.0 = Release|Any CPU
		{60D47888-2805-4B2C-85A8-06E3D0CAA3B5}.Debug|Any CPU.ActiveCfg = Debug|Any CPU
		{60D47888-2805-4B2C-85A8-06E3D0CAA3B5}.Debug|Any CPU.Build.0 = Debug|Any CPU
		{60D47888-2805-4B2C-85A8-06E3D0CAA3B5}.Release|Any CPU.ActiveCfg = Release|Any CPU
		{60D47888-2805-4B2C-85A8-06E3D0CAA3B5}.Release|Any CPU.Build.0 = Release|Any CPU
		{8CBBAB8D-EC51-4F71-9608-37B4F39CCA41}.Debug|Any CPU.ActiveCfg = Debug|Any CPU
		{8CBBAB8D-EC51-4F71-9608-37B4F39CCA41}.Debug|Any CPU.Build.0 = Debug|Any CPU
		{8CBBAB8D-EC51-4F71-9608-37B4F39CCA41}.Release|Any CPU.ActiveCfg = Release|Any CPU
		{8CBBAB8D-EC51-4F71-9608-37B4F39CCA41}.Release|Any CPU.Build.0 = Release|Any CPU
		{260045C1-31D9-4E08-A7A7-577CF829CAAE}.Debug|Any CPU.ActiveCfg = Debug|Any CPU
		{260045C1-31D9-4E08-A7A7-577CF829CAAE}.Debug|Any CPU.Build.0 = Debug|Any CPU
		{260045C1-31D9-4E08-A7A7-577CF829CAAE}.Release|Any CPU.ActiveCfg = Release|Any CPU
		{260045C1-31D9-4E08-A7A7-577CF829CAAE}.Release|Any CPU.Build.0 = Release|Any CPU
	EndGlobalSection
	GlobalSection(SolutionProperties) = preSolution
		HideSolutionNode = FALSE
	EndGlobalSection
	GlobalSection(ExtensibilityGlobals) = postSolution
		SolutionGuid = {4D82667F-AB75-43D3-A521-377AE4A86C83}
	EndGlobalSection
EndGlobal
